
Microsoft Visual Studio Solution File, Format Version 12.00
# Visual Studio Version 16
VisualStudioVersion = 16.0.30907.101
MinimumVisualStudioVersion = 15.0.26124.0
Project("{9A19103F-16F7-4668-BE54-9A1E7A4F7556}") = "Prototipo", "Prototipo\Prototipo.csproj", "{ECB7AE6A-3B92-4A32-8ABB-20E669C6E9C3}"
EndProject
Project("{9A19103F-16F7-4668-BE54-9A1E7A4F7556}") = "UnitTests", "UnitTests\UnitTests.csproj", "{0E080AD5-4709-4522-AEDC-FAF965266B24}"
EndProject
Global
	GlobalSection(SolutionConfigurationPlatforms) = preSolution
		Debug|Any CPU = Debug|Any CPU
		Debug|x64 = Debug|x64
		Debug|x86 = Debug|x86
		Release|Any CPU = Release|Any CPU
		Release|x64 = Release|x64
		Release|x86 = Release|x86
	EndGlobalSection
	GlobalSection(ProjectConfigurationPlatforms) = postSolution
		{ECB7AE6A-3B92-4A32-8ABB-20E669C6E9C3}.Debug|Any CPU.ActiveCfg = Debug|Any CPU
		{ECB7AE6A-3B92-4A32-8ABB-20E669C6E9C3}.Debug|Any CPU.Build.0 = Debug|Any CPU
		{ECB7AE6A-3B92-4A32-8ABB-20E669C6E9C3}.Debug|x64.ActiveCfg = Debug|Any CPU
		{ECB7AE6A-3B92-4A32-8ABB-20E669C6E9C3}.Debug|x64.Build.0 = Debug|Any CPU
		{ECB7AE6A-3B92-4A32-8ABB-20E669C6E9C3}.Debug|x86.ActiveCfg = Debug|Any CPU
		{ECB7AE6A-3B92-4A32-8ABB-20E669C6E9C3}.Debug|x86.Build.0 = Debug|Any CPU
		{ECB7AE6A-3B92-4A32-8ABB-20E669C6E9C3}.Release|Any CPU.ActiveCfg = Release|Any CPU
		{ECB7AE6A-3B92-4A32-8ABB-20E669C6E9C3}.Release|Any CPU.Build.0 = Release|Any CPU
		{ECB7AE6A-3B92-4A32-8ABB-20E669C6E9C3}.Release|x64.ActiveCfg = Release|Any CPU
		{ECB7AE6A-3B92-4A32-8ABB-20E669C6E9C3}.Release|x64.Build.0 = Release|Any CPU
		{ECB7AE6A-3B92-4A32-8ABB-20E669C6E9C3}.Release|x86.ActiveCfg = Release|Any CPU
		{ECB7AE6A-3B92-4A32-8ABB-20E669C6E9C3}.Release|x86.Build.0 = Release|Any CPU
		{0E080AD5-4709-4522-AEDC-FAF965266B24}.Debug|Any CPU.ActiveCfg = Debug|Any CPU
		{0E080AD5-4709-4522-AEDC-FAF965266B24}.Debug|Any CPU.Build.0 = Debug|Any CPU
		{0E080AD5-4709-4522-AEDC-FAF965266B24}.Debug|x64.ActiveCfg = Debug|Any CPU
		{0E080AD5-4709-4522-AEDC-FAF965266B24}.Debug|x64.Build.0 = Debug|Any CPU
		{0E080AD5-4709-4522-AEDC-FAF965266B24}.Debug|x86.ActiveCfg = Debug|Any CPU
		{0E080AD5-4709-4522-AEDC-FAF965266B24}.Debug|x86.Build.0 = Debug|Any CPU
		{0E080AD5-4709-4522-AEDC-FAF965266B24}.Release|Any CPU.ActiveCfg = Release|Any CPU
		{0E080AD5-4709-4522-AEDC-FAF965266B24}.Release|Any CPU.Build.0 = Release|Any CPU
		{0E080AD5-4709-4522-AEDC-FAF965266B24}.Release|x64.ActiveCfg = Release|Any CPU
		{0E080AD5-4709-4522-AEDC-FAF965266B24}.Release|x64.Build.0 = Release|Any CPU
		{0E080AD5-4709-4522-AEDC-FAF965266B24}.Release|x86.ActiveCfg = Release|Any CPU
		{0E080AD5-4709-4522-AEDC-FAF965266B24}.Release|x86.Build.0 = Release|Any CPU
	EndGlobalSection
	GlobalSection(SolutionProperties) = preSolution
		HideSolutionNode = FALSE
	EndGlobalSection
	GlobalSection(ExtensibilityGlobals) = postSolution
		SolutionGuid = {55B1AC86-D63C-451C-AF3D-E8C18E0A860F}
	EndGlobalSection
EndGlobal
